lockfileVersion: '9.0'

settings:
  autoInstallPeers: true
  excludeLinksFromLockfile: false

importers:

  web:
    dependencies:
      '@base-ui/react':
        specifier: ^1.8.0
        version: 1.8.0
      '@fontsource-variable/inter':
        specifier: ^5.3.0
        version: 5.3.0
      '@fontsource-variable/jetbrains-mono':
        specifier: ^5.3.0
        version: 5.3.0
      '@tanstack/react-query':
        specifier: ^5.104.1
        version: 5.104.1
      class-variance-authority:
        specifier: ^0.7.1
        version: 0.7.1
      clsx:
        specifier: ^2.1.1
        version: 2.1.1
      lucide-react:
        specifier: ^1.50.0
        version: 1.50.0
      react:
        specifier: ^19.3.0
        version: 19.3.0
      react-dom:
        specifier: ^19.3.0
        version: 19.3.0
      react-router-dom:
        specifier: ^7.18.4
        version: 7.18.4
      recharts:
        specifier: ^3.10.1
        version: 3.10.1
      tailwind-merge:
        specifier: ^3.7.0
        version: 3.7.0
      tw-animate-css:
        specifier: ^1.4.0
        version: 1.4.0
      zustand:
        specifier: ^5.0.15
        version: 5.0.15
    devDependencies:
      '@tailwindcss/vite':
        specifier: ^4.3.3
        version: 4.3.3
      '@types/node':
        specifier: ^26.6.4
        version: 26.6.4
      '@types/react':
        specifier: ^19.3.0
        version: 19.3.0
      '@types/react-dom':
        specifier: ^19.3.0
        version: 19.3.0
      '@vitejs/plugin-react':
        specifier: ^6.1.1
        version: 6.1.1
      shadcn:
        specifier: ^4.21.1
        version: 4.21.1
      tailwindcss:
        specifier: ^4.3.3
        version: 4.3.3
      typescript:
        specifier: 5.7.3
        version: 5.7.3
      vite:
        specifier: ^8.3.2
        version: 8.3.2

packages:

  '@base-ui/react@1.8.0':
    resolution: {integrity: sha512-P0/1sxo6SBVZOklKMIedvTWqw2s2IQzi9x5bIVsXu980cuSOD4NeuRSs+/L7LZQfDkZP/uRZyGPyfFl/B1oH+Q==}
    engines: {node: '>=14.0.0'}
    peerDependencies:
      '@date-fns/tz': ^1.2.0
      '@types/react': ^17 || ^18 || ^19
      date-fns: ^4.0.0
      react: ^17 || ^18 || ^19
      react-dom: ^17 || ^18 || ^19
    peerDependenciesMeta:
      '@date-fns/tz':
        optional: true
      '@types/react':
        optional: true
      date-fns:
        optional: true

  '@fontsource-variable/inter@5.3.0':
    resolution: {integrity: sha512-OupL48va4JNofb97w6NYeF9S7W/kHNKM0Er8Dem5nqi4jeOLrVJDoE8tZEpnMJmtkvNbB1EIPPwHcdkF6b1oUA==}

  '@fontsource-variable/jetbrains-mono@5.3.0':
    resolution: {integrity: sha512-F32xpS2NsGYoQi2ADSkKTgpJj7ozajsGgDJ8woTnqjmIB+dxDIqImjl4pXZVEExu8UFZ2ndhmX18EBS/hdz3Lw==}

  '@tailwindcss/vite@4.3.3':
    resolution: {integrity: sha512-yYU8cogLeSh/ms2jh8Fj7jaba/EWa7Ja6GoUqYZaraEuCI5YS6ms6ObZgjjedm+jm6XZjdNRWBpPP6Z86oOxcw==}
    peerDependencies:
      vite: ^5.2.0 || ^6 || ^7 || ^8

  '@tanstack/react-query@5.104.1':
    resolution: {integrity: sha512-Zz70EgjahNI7aCz8BZxM3vUGU44ycxEAzMuCUjLeA7SVhhOkg3ZgPjPJPvHjs6Rmky/dtmnu1WzjGHNHmhCoZQ==}
    peerDependencies:
      react: ^18 || ^19

  '@types/node@26.6.4':
    resolution: {integrity: sha512-ldVPDCzj7fsaGZrLB0NuHuTvJcsNasysBAqMolr/cgxrLd1xbqxIr3XJiPnHHJUCxj5sNF1vnRj9aWnrVh5Jcg==}

  '@types/react-dom@19.3.0':
    resolution: {integrity: sha512-ZI7bU42mZXXKHn/qNLEw2IrbiINU7X5+vfgdixBHkCNpYWXjKgfQ/P+uyGb5CjOLB9UcnTeg3rylQtV2hym44Q==}
    peerDependencies:
      '@types/react': ^19.3.0

  '@types/react@19.3.0':
    resolution: {integrity: sha512-N0rFCuH9YoxG9/m61l9MfpJKfmLOVU0em7ipIz6TRgSSkvReLB9vL85GB+yr8Bs5leqpvg96JSwF4ZS1s4viQg==}

  '@vitejs/plugin-react@6.1.1':
    resolution: {integrity: sha512-yxLaQV9gkhS8ezJqCM6+ndU7mDY6gqAg75NQ+0IjwEI8IYOmQCgkRwHKVSfWXW076DsqMo0Dk+0FK1U+M5RgFw==}
    engines: {node: ^20.19.0 || >=22.12.0}
    peerDependencies:
      '@rolldown/plugin-babel': ^0.1.7 || ^0.2.0
      babel-plugin-react-compiler: ^1.0.0
      oxc-transform-react: ^0.145.0
      vite: ^8.0.0
    peerDependenciesMeta:
      '@rolldown/plugin-babel':
        optional: true
      babel-plugin-react-compiler:
        optional: true
      oxc-transform-react:
        optional: true

  class-variance-authority@0.7.1:
    resolution: {integrity: sha512-Ka+9Trutv7G8M6WT6SeiRWz792K5qEqIGEGzXKhAE6xOWAY6pPH8U+9IY3oCMv6kqTmLsv7Xh/2w2RigkePMsg==}

  clsx@2.1.1:
    resolution: {integrity: sha512-eYm0QWBtUrBWZWG0d386OGAw16Z995PiOVo2B7bjWSbHedGl5e0ZWaq65kOGgUSNesEIDkB9ISbTg/JK9dhCZA==}
    engines: {node: '>=6'}

  csstype@3.2.3:
    resolution: {integrity: sha512-z1HGKcYy2xA8AGQfwrn0PAy+PB7X/GSj3UVJW9qKyn43xWa+gl5nXmU4qqLMRzWVLFC8KusUX8T/0kCiOYpAIQ==}

  lucide-react@1.50.0:
    resolution: {integrity: sha512-RqHPQtKX6S9IE1xOL4oTHHsVQbcwJWTnmlxI6AdI9IpOwKiy7q+COPCQyMepI/Qu1x3h7sunpyEMvqtgFbgNiQ==}
    peerDependencies:
      '@types/react': '*'
      react: ^16.5.1 || ^17.0.0 || ^18.0.0 || ^19.0.0
    peerDependenciesMeta:
      '@types/react':
        optional: true

  react-dom@19.3.0:
    resolution: {integrity: sha512-JDk8dgif51OjFoDE70+OT9ICyYr+69HlmihNwp1+Nsfbna3t5sIiCa9ZJktDmQ4/1b/rn26hIAR2uYXDMr5r0Q==}
    peerDependencies:
      react: ^19.3.0

  react-router-dom@7.18.4:
    resolution: {integrity: sha512-yrfmJHIpDG7taCpqKjT1G5B6q3O2K+RN8/fgNf0lTjCwiPbQ0ei6vXX9ZjQR+7ld8Tr7Z5xmyMnZ8YJrphWQUw==}
    engines: {node: '>=20.0.0'}
    peerDependencies:
      react: '>=18'
      react-dom: '>=18'

  react@19.3.0:
    resolution: {integrity: sha512-E8LUcbtBWt20bbl2YoHfx4ZDBdxVTfOKtCZn9cDSJ4l6/nuoApcpIBcj47t2wZoVX8g2ZHuMHbiShgCR1T5Sog==}
    engines: {node: '>=0.10.0'}

  recharts@3.10.1:
    resolution: {integrity: sha512-QXFrvt6IVcw7eeZCoyXTwkIJAX3Dv1nyVhMicXJ47GsGDDpcN8z6o644DibE9XjpBTThtsomLKnTV6lc+cVFUA==}
    engines: {node: '>=18'}
    peerDependencies:
      react: ^16.8.0 || ^17.0.0 || ^18.0.0 || ^19.0.0
      react-dom: ^16.0.0 || ^17.0.0 || ^18.0.0 || ^19.0.0
      react-is: ^16.8.0 || ^17.0.0 || ^18.0.0 || ^19.0.0

  shadcn@4.21.1:
    resolution: {integrity: sha512-keQmMdKI1eLKTtYpwFwrFfFegsskOpUgt1l3aF359pbCFt0taq0TMuZ75yK+q/StcV2YvjmBMenrs0diWoezXQ==}
    engines: {node: '>=20.18.1'}
    hasBin: true

  tailwind-merge@3.7.0:
    resolution: {integrity: sha512-XPPUyAc+cvspz3lHTcR/QgPfW2A0lv/xQNIjX3HGhLR+Nq2lHaLq5MtTesHn8GUr3W3DguT2KT5x3NVgRtYwmA==}

  tailwindcss@4.3.3:
    resolution: {integrity: sha512-gOhV3P7ufE62QDGg1zVaTgCR+EtPv92k2nIhVcVKcLmxT1sUBsQGhnZj175j+MqRt4zLF7ic+sCYjfhxMxj7YQ==}

  tw-animate-css@1.4.0:
    resolution: {integrity: sha512-7bziOlRqH0hJx80h/3mbicLW7o8qLsH5+RaLR2t+OHM3D0JlWGODQKQ4cxbK7WlvmUxpcj6Kgu6EKqjrGFe3QQ==}

  typescript@5.7.3:
    resolution: {integrity: sha512-84MVSjMEHP+FQRPy3pX9sTVV/INIex71s9TL2Gm5FG/WG1SqXeKyZ0k7/blY/4FdOzI12CBy1vGc4og/eus0fw==}
    engines: {node: '>=14.17'}
    hasBin: true

  undici-types@8.9.0:
    resolution: {integrity: sha512-KTDyRTYX8sWmKXAikPHHSyc63CRPETMctyjKFupcC6OBLXT3xsN0e9aF7m+mIXutFWpUXuedtowG7iLOzp0kQg==}

  vite@8.3.2:
    resolution: {integrity: sha512-SQr1x6W5vVSbROg7vsyXIaxK9b0G7zsT68acdWWRmnBUsgDieLCRG+Rep9WdZgcposvv/GSnr4GUUBqB3vXq6w==}
    engines: {node: ^20.19.0 || >=22.12.0}
    hasBin: true
    peerDependencies:
      '@types/node': ^20.19.0 || >=22.12.0
      '@vitejs/devtools': ^0.7.1
      esbuild: ^0.27.0 || ^0.28.0
      jiti: '>=1.21.0'
      less: ^4.0.0
      sass: ^1.70.0
      sass-embedded: ^1.70.0
      stylus: '>=0.54.8'
      sugarss: ^5.0.0
      terser: ^5.16.0
      tsx: ^4.8.1
      yaml: ^2.4.2
    peerDependenciesMeta:
      '@types/node':
        optional: true
      '@vitejs/devtools':
        optional: true
      esbuild:
        optional: true
      jiti:
        optional: true
      less:
        optional: true
      sass:
        optional: true
      sass-embedded:
        optional: true
      stylus:
        optional: true
      sugarss:
        optional: true
      terser:
        optional: true
      tsx:
        optional: true
      yaml:
        optional: true

  zustand@5.0.15:
    resolution: {integrity: sha512-MpSEjRiBkA9crSYeOUH32rJC7SVqAbm0Fqcqge/bUi2PPoLcBWKOsG+C8mevmpr8TwXHBVkChbbJiyvkE+i/3A==}
    engines: {node: '>=12.20.0'}
    peerDependencies:
      '@types/react': '>=18.0.0'
      immer: '>=9.0.6'
      react: '>=18.0.0'
      use-sync-external-store: '>=1.2.0'
    peerDependenciesMeta:
      '@types/react':
        optional: true
      immer:
        optional: true
      react:
        optional: true
      use-sync-external-store:
        optional: true

snapshots:

  '@fontsource-variable/inter@5.3.0': {}

  '@fontsource-variable/jetbrains-mono@5.3.0': {}

  '@types/node@26.6.4':
    dependencies:
      undici-types: 8.9.0

  '@types/react@19.3.0':
    dependencies:
      csstype: 3.2.3

  class-variance-authority@0.7.1:
    dependencies:
      clsx: 2.1.1

  clsx@2.1.1: {}

  csstype@3.2.3: {}

  react@19.3.0: {}

  tailwind-merge@3.7.0: {}

  tailwindcss@4.3.3: {}

  tw-animate-css@1.4.0: {}

  typescript@5.7.3: {}

  undici-types@8.9.0: {}
